
Microsoft Visual Studio Solution File, Format Version 12.00
# Visual Studio Version 17
VisualStudioVersion = 17.5.33516.290
MinimumVisualStudioVersion = 10.0.40219.1
Project("{FAE04EC0-301F-11D3-BF4B-00C04F79EFBC}") = "ClassDemo01", "ClassDemo01\ClassDemo01.csproj", "{A1D8EDAC-4755-48AB-A1A9-D4D015ED967F}"
EndProject
Project("{FAE04EC0-301F-11D3-BF4B-00C04F79EFBC}") = "ArrayFind", "ArrayFind\ArrayFind.csproj", "{1F830F94-1A3A-4C2A-9802-EBAD415B2A6B}"
EndProject
Global
	GlobalSection(SolutionConfigurationPlatforms) = preSolution
		Debug|Any CPU = Debug|Any CPU
		Release|Any CPU = Release|Any CPU
	EndGlobalSection
	GlobalSection(ProjectConfigurationPlatforms) = postSolution
		{A1D8EDAC-4755-48AB-A1A9-D4D015ED967F}.Debug|Any CPU.ActiveCfg = Debug|Any CPU
		{A1D8EDAC-4755-48AB-A1A9-D4D015ED967F}.Debug|Any CPU.Build.0 = Debug|Any CPU
		{A1D8EDAC-4755-48AB-A1A9-D4D015ED967F}.Release|Any CPU.ActiveCfg = Release|Any CPU
		{A1D8EDAC-4755-48AB-A1A9-D4D015ED967F}.Release|Any CPU.Build.0 = Release|Any CPU
		{1F830F94-1A3A-4C2A-9802-EBAD415B2A6B}.Debug|Any CPU.ActiveCfg = Debug|Any CPU
		{1F830F94-1A3A-4C2A-9802-EBAD415B2A6B}.Debug|Any CPU.Build.0 = Debug|Any CPU
		{1F830F94-1A3A-4C2A-9802-EBAD415B2A6B}.Release|Any CPU.ActiveCfg = Release|Any CPU
		{1F830F94-1A3A-4C2A-9802-EBAD415B2A6B}.Release|Any CPU.Build.0 = Release|Any CPU
	EndGlobalSection
	GlobalSection(SolutionProperties) = preSolution
		HideSolutionNode = FALSE
	EndGlobalSection
	GlobalSection(ExtensibilityGlobals) = postSolution
		SolutionGuid = {C2CE48AC-55F4-442C-A86F-FDECFB7224EB}
	EndGlobalSection
EndGlobal
